github.com/Battle-Bunker/cyphid-snake v1.0.0 h1:CkBYzpogIiBUf3X2NbfsBfuy6RIab7FEVnx8xXxgLKw=
github.com/Battle-Bunker/cyphid-snake v1.0.0/go.mod h1:H6UICceB5Ddhhdb4b044EQCyIVWjjpBCmigQVKxxQTw=
github.com/Battle-Bunker/cyphid-snake v1.0.1-0.20240811133150-95aa0dc6771e h1:+cq5uvmciM3FupZX6O3wxlb67qL0+KEC6qnpny5C0Rc=
github.com/Battle-Bunker/cyphid-snake v1.0.1-0.20240811133150-95aa0dc6771e/go.mod h1:0hJQTr3CYZnTmvpMKKWWa5S7EJS+FMews2efo6Lq4oA=
github.com/Battle-Bunker/cyphid-snake v1.0.1 h1:mkaGUfIOSJzMmBa3bONxpA4+RpMK/028WgfYzRy5fHY=
github.com/Battle-Bunker/cyphid-snake v1.0.1/go.mod h1:0hJQTr3CYZnTmvpMKKWWa5S7EJS+FMews2efo6Lq4oA=
github.com/Battle-Bunker/cyphid-snake v1.0.7 h1:L8mUbdAbmRKVjO8VKCEh2NqCqSZCFI6XdW8fNGB0SH8=
github.com/Battle-Bunker/cyphid-snake v1.0.7/go.mod h1:oqNiKQKgKa+VVc6xAY23uEwX53Lr0L/6PUiQ8o/5BZ8=
github.com/BattlesnakeOfficial/rules v1.2.3 h1:loESL0qdvO31WbBIhd3VCsLrmfeqqx4F715UejagLrk=
github.com/BattlesnakeOfficial/rules v1.2.3/go.mod h1:/q/fRd/c3bZm78r/12LV4zavN1MwKg6xtkYzpgOprtg=
github.com/samber/lo v1.47.0 h1:z7RynLwP5nbyRscyvcD043DWYoOcYRv3mV8lBeqOCLc=
github.com/samber/lo v1.47.0/go.mod h1:RmDH9Ct32Qy3gduHQuKJ3gW1fMHAnE/fAzQuf6He5cU=
github.com/samber/mo v1.13.0 h1:LB1OwfJMju3a6FjghH+AIvzMG0ZPOzgTWj1qaHs1IQ4=
github.com/samber/mo v1.13.0/go.mod h1:BfkrCPuYzVG3ZljnZB783WIJIGk1mcZr9c9CPf8tAxs=
golang.org/x/text v0.17.0 h1:XtiM5bkSOt+ewxlOE/aE/AKEHibwj/6gvWMl9Rsh0Qc=
golang.org/x/text v0.17.0/go.mod h1:BuEKDfySbSR4drPmRPG/7iBdf8hvFMuRexcpahXilzY=
